
Microsoft Visual Studio Solution File, Format Version 12.00
# Visual Studio Version 17
VisualStudioVersion = 17.14.36717.8 d17.14
MinimumVisualStudioVersion = 10.0.40219.1
Project("{FAE04EC0-301F-11D3-BF4B-00C04F79EFBC}") = "ProductManagement.API", "ProductManagement.API\ProductManagement.API.csproj", "{52A27ED9-749B-43DC-9588-4A50AB8D7BA2}"
EndProject
Project("{FAE04EC0-301F-11D3-BF4B-00C04F79EFBC}") = "ProductManagement.Services", "ProductManagement.Services\ProductManagement.Services.csproj", "{50BEABBC-94D5-4064-B63C-260A2466242B}"
EndProject
Project("{FAE04EC0-301F-11D3-BF4B-00C04F79EFBC}") = "ProductManagement.Repository", "ProductManagement.Repository\ProductManagement.Repository.csproj", "{B329CFEA-B952-493C-B552-D5E211F25A5A}"
EndProject
Global
	GlobalSection(SolutionConfigurationPlatforms) = preSolution
		Debug|Any CPU = Debug|Any CPU
		Release|Any CPU = Release|Any CPU
	EndGlobalSection
	GlobalSection(ProjectConfigurationPlatforms) = postSolution
		{52A27ED9-749B-43DC-9588-4A50AB8D7BA2}.Debug|Any CPU.ActiveCfg = Debug|Any CPU
		{52A27ED9-749B-43DC-9588-4A50AB8D7BA2}.Debug|Any CPU.Build.0 = Debug|Any CPU
		{52A27ED9-749B-43DC-9588-4A50AB8D7BA2}.Release|Any CPU.ActiveCfg = Release|Any CPU
		{52A27ED9-749B-43DC-9588-4A50AB8D7BA2}.Release|Any CPU.Build.0 = Release|Any CPU
		{50BEABBC-94D5-4064-B63C-260A2466242B}.Debug|Any CPU.ActiveCfg = Debug|Any CPU
		{50BEABBC-94D5-4064-B63C-260A2466242B}.Debug|Any CPU.Build.0 = Debug|Any CPU
		{50BEABBC-94D5-4064-B63C-260A2466242B}.Release|Any CPU.ActiveCfg = Release|Any CPU
		{50BEABBC-94D5-4064-B63C-260A2466242B}.Release|Any CPU.Build.0 = Release|Any CPU
		{B329CFEA-B952-493C-B552-D5E211F25A5A}.Debug|Any CPU.ActiveCfg = Debug|Any CPU
		{B329CFEA-B952-493C-B552-D5E211F25A5A}.Debug|Any CPU.Build.0 = Debug|Any CPU
		{B329CFEA-B952-493C-B552-D5E211F25A5A}.Release|Any CPU.ActiveCfg = Release|Any CPU
		{B329CFEA-B952-493C-B552-D5E211F25A5A}.Release|Any CPU.Build.0 = Release|Any CPU
	EndGlobalSection
	GlobalSection(SolutionProperties) = preSolution
		HideSolutionNode = FALSE
	EndGlobalSection
	GlobalSection(ExtensibilityGlobals) = postSolution
		SolutionGuid = {75EDD0C2-29AE-4683-82E9-F2E350589F21}
	EndGlobalSection
EndGlobal
